// !$*UTF8*$!
{
	archiveVersion = 1;
	classes = {
	};
	objectVersion = 50;
	objects = {

/* Begin PBXBuildFile section */
		15198B9D2369DCDB00EA2B70 /* GameFrameKit.h in Headers */ = {isa = PBXBuildFile; fileRef = 15198B9B2369DCDB00EA2B70 /* GameFrameKit.h */; settings = {ATTRIBUTES = (Public, ); }; };
		15198BE32369DDE300EA2B70 /* GFEntityNonConsumable+CoreDataClass.swift in Sources */ = {isa = PBXBuildFile; fileRef = 15198BCE2369DDE300EA2B70 /* GFEntityNonConsumable+CoreDataClass.swift */; };
		15198BE42369DDE300EA2B70 /* GFEntityAchievement+CoreDataProperties.swift in Sources */ = {isa = PBXBuildFile; fileRef = 15198BCF2369DDE300EA2B70 /* GFEntityAchievement+CoreDataProperties.swift */; };
		15198BE52369DDE400EA2B70 /* GFEntityAchievement+CoreDataClass.swift in Sources */ = {isa = PBXBuildFile; fileRef = 15198BD02369DDE300EA2B70 /* GFEntityAchievement+CoreDataClass.swift */; };
		15198BE62369DDE400EA2B70 /* GFEntityNonConsumable+CoreDataProperties.swift in Sources */ = {isa = PBXBuildFile; fileRef = 15198BD12369DDE300EA2B70 /* GFEntityNonConsumable+CoreDataProperties.swift */; };
		15198BE72369DDE400EA2B70 /* GFEntityScore+CoreDataProperties.swift in Sources */ = {isa = PBXBuildFile; fileRef = 15198BD22369DDE300EA2B70 /* GFEntityScore+CoreDataProperties.swift */; };
		15198BE82369DDE400EA2B70 /* GFEntityConsumable+CoreDataClass.swift in Sources */ = {isa = PBXBuildFile; fileRef = 15198BD32369DDE300EA2B70 /* GFEntityConsumable+CoreDataClass.swift */; };
		15198BE92369DDE400EA2B70 /* GFEntityConsumable+CoreDataProperties.swift in Sources */ = {isa = PBXBuildFile; fileRef = 15198BD42369DDE300EA2B70 /* GFEntityConsumable+CoreDataProperties.swift */; };
		15198BEA2369DDE400EA2B70 /* GFEntityScore+CoreDataClass.swift in Sources */ = {isa = PBXBuildFile; fileRef = 15198BD52369DDE300EA2B70 /* GFEntityScore+CoreDataClass.swift */; };
		15198BEC2369DDE400EA2B70 /* GFGameCenter.swift in Sources */ = {isa = PBXBuildFile; fileRef = 15198BD82369DDE300EA2B70 /* GFGameCenter.swift */; };
		15198BED2369DDE400EA2B70 /* GFNonConsumable.swift in Sources */ = {isa = PBXBuildFile; fileRef = 15198BD92369DDE300EA2B70 /* GFNonConsumable.swift */; };
		15198BEE2369DDE400EA2B70 /* GFCoreDataCloudKit.swift in Sources */ = {isa = PBXBuildFile; fileRef = 15198BDA2369DDE300EA2B70 /* GFCoreDataCloudKit.swift */; };
		15198BEF2369DDE400EA2B70 /* GFScore.swift in Sources */ = {isa = PBXBuildFile; fileRef = 15198BDB2369DDE300EA2B70 /* GFScore.swift */; };
		15198BF02369DDE400EA2B70 /* GameFrame.swift in Sources */ = {isa = PBXBuildFile; fileRef = 15198BDC2369DDE300EA2B70 /* GameFrame.swift */; };
		15198BF12369DDE400EA2B70 /* GFObjects.swift in Sources */ = {isa = PBXBuildFile; fileRef = 15198BDD2369DDE300EA2B70 /* GFObjects.swift */; };
		15198BF22369DDE400EA2B70 /* GFAchievement.swift in Sources */ = {isa = PBXBuildFile; fileRef = 15198BDE2369DDE300EA2B70 /* GFAchievement.swift */; };
		15198BF32369DDE400EA2B70 /* GFInApp.swift in Sources */ = {isa = PBXBuildFile; fileRef = 15198BDF2369DDE300EA2B70 /* GFInApp.swift */; };
		15198BF42369DDE400EA2B70 /* GFConsumable.swift in Sources */ = {isa = PBXBuildFile; fileRef = 15198BE02369DDE300EA2B70 /* GFConsumable.swift */; };
		15198BF52369DDE400EA2B70 /* GFAdMob.swift in Sources */ = {isa = PBXBuildFile; fileRef = 15198BE12369DDE300EA2B70 /* GFAdMob.swift */; };
		15198BF62369DDE400EA2B70 /* GFTools.swift in Sources */ = {isa = PBXBuildFile; fileRef = 15198BE22369DDE300EA2B70 /* GFTools.swift */; };
		15198BFC2369DE1800EA2B70 /* GoogleAppMeasurement.framework in Frameworks */ = {isa = PBXBuildFile; fileRef = 15198BF82369DE1800EA2B70 /* GoogleAppMeasurement.framework */; };
		15198BFD2369DE1800EA2B70 /* GoogleAppMeasurement.framework in Embed Frameworks */ = {isa = PBXBuildFile; fileRef = 15198BF82369DE1800EA2B70 /* GoogleAppMeasurement.framework */; settings = {ATTRIBUTES = (CodeSignOnCopy, RemoveHeadersOnCopy, ); }; };
		15198BFE2369DE1800EA2B70 /* GoogleMobileAds.framework in Frameworks */ = {isa = PBXBuildFile; fileRef = 15198BF92369DE1800EA2B70 /* GoogleMobileAds.framework */; };
		15198BFF2369DE1800EA2B70 /* GoogleMobileAds.framework in Embed Frameworks */ = {isa = PBXBuildFile; fileRef = 15198BF92369DE1800EA2B70 /* GoogleMobileAds.framework */; settings = {ATTRIBUTES = (CodeSignOnCopy, RemoveHeadersOnCopy, ); }; };
		15198C002369DE1800EA2B70 /* nanopb.framework in Frameworks */ = {isa = PBXBuildFile; fileRef = 15198BFA2369DE1800EA2B70 /* nanopb.framework */; };
		15198C012369DE1800EA2B70 /* nanopb.framework in Embed Frameworks */ = {isa = PBXBuildFile; fileRef = 15198BFA2369DE1800EA2B70 /* nanopb.framework */; settings = {ATTRIBUTES = (CodeSignOnCopy, RemoveHeadersOnCopy, ); }; };
		15198C022369DE1800EA2B70 /* GoogleUtilities.framework in Frameworks */ = {isa = PBXBuildFile; fileRef = 15198BFB2369DE1800EA2B70 /* GoogleUtilities.framework */; };
		15198C032369DE1800EA2B70 /* GoogleUtilities.framework in Embed Frameworks */ = {isa = PBXBuildFile; fileRef = 15198BFB2369DE1800EA2B70 /* GoogleUtilities.framework */; settings = {ATTRIBUTES = (CodeSignOnCopy, RemoveHeadersOnCopy, ); }; };
		154EEA3E2369F2180052B734 /* GameFrame.xcdatamodel in Sources */ = {isa = PBXBuildFile; fileRef = 15198BD62369DDE300EA2B70 /* GameFrame.xcdatamodel */; };
/* End PBXBuildFile section */

/* Begin PBXCopyFilesBuildPhase section */
		15198C042369DE1800EA2B70 /* Embed Frameworks */ = {
			isa = PBXCopyFilesBuildPhase;
			buildActionMask = 2147483647;
			dstPath = "";
			dstSubfolderSpec = 10;
			files = (
				15198BFF2369DE1800EA2B70 /* GoogleMobileAds.framework in Embed Frameworks */,
				15198C012369DE1800EA2B70 /* nanopb.framework in Embed Frameworks */,
				15198C032369DE1800EA2B70 /* GoogleUtilities.framework in Embed Frameworks */,
				15198BFD2369DE1800EA2B70 /* GoogleAppMeasurement.framework in Embed Frameworks */,
			);
			name = "Embed Frameworks";
			runOnlyForDeploymentPostprocessing = 0;
		};
/* End PBXCopyFilesBuildPhase section */

/* Begin PBXFileReference section */
		15198B982369DCDB00EA2B70 /* GameFrameKit.framework */ = {isa = PBXFileReference; explicitFileType = wrapper.framework; includeInIndex = 0; path = GameFrameKit.framework; sourceTree = BUILT_PRODUCTS_DIR; };
		15198B9B2369DCDB00EA2B70 /* GameFrameKit.h */ = {isa = PBXFileReference; lastKnownFileType = sourcecode.c.h; path = GameFrameKit.h; sourceTree = "<group>"; };
		15198B9C2369DCDB00EA2B70 /* Info.plist */ = {isa = PBXFileReference; lastKnownFileType = text.plist.xml; path = Info.plist; sourceTree = "<group>"; };
		15198BCE2369DDE300EA2B70 /* GFEntityNonConsumable+CoreDataClass.swift */ = {isa = PBXFileReference; fileEncoding = 4; lastKnownFileType = sourcecode.swift; path = "GFEntityNonConsumable+CoreDataClass.swift"; sourceTree = "<group>"; };
		15198BCF2369DDE300EA2B70 /* GFEntityAchievement+CoreDataProperties.swift */ = {isa = PBXFileReference; fileEncoding = 4; lastKnownFileType = sourcecode.swift; path = "GFEntityAchievement+CoreDataProperties.swift"; sourceTree = "<group>"; };
		15198BD02369DDE300EA2B70 /* GFEntityAchievement+CoreDataClass.swift */ = {isa = PBXFileReference; fileEncoding = 4; lastKnownFileType = sourcecode.swift; path = "GFEntityAchievement+CoreDataClass.swift"; sourceTree = "<group>"; };
		15198BD12369DDE300EA2B70 /* GFEntityNonConsumable+CoreDataProperties.swift */ = {isa = PBXFileReference; fileEncoding = 4; lastKnownFileType = sourcecode.swift; path = "GFEntityNonConsumable+CoreDataProperties.swift"; sourceTree = "<group>"; };
		15198BD22369DDE300EA2B70 /* GFEntityScore+CoreDataProperties.swift */ = {isa = PBXFileReference; fileEncoding = 4; lastKnownFileType = sourcecode.swift; path = "GFEntityScore+CoreDataProperties.swift"; sourceTree = "<group>"; };
		15198BD32369DDE300EA2B70 /* GFEntityConsumable+CoreDataClass.swift */ = {isa = PBXFileReference; fileEncoding = 4; lastKnownFileType = sourcecode.swift; path = "GFEntityConsumable+CoreDataClass.swift"; sourceTree = "<group>"; };
		15198BD42369DDE300EA2B70 /* GFEntityConsumable+CoreDataProperties.swift */ = {isa = PBXFileReference; fileEncoding = 4; lastKnownFileType = sourcecode.swift; path = "GFEntityConsumable+CoreDataProperties.swift"; sourceTree = "<group>"; };
		15198BD52369DDE300EA2B70 /* GFEntityScore+CoreDataClass.swift */ = {isa = PBXFileReference; fileEncoding = 4; lastKnownFileType = sourcecode.swift; path = "GFEntityScore+CoreDataClass.swift"; sourceTree = "<group>"; };
		15198BD62369DDE300EA2B70 /* GameFrame.xcdatamodel */ = {isa = PBXFileReference; lastKnownFileType = wrapper.xcdatamodel; path = GameFrame.xcdatamodel; sourceTree = "<group>"; };
		15198BD82369DDE300EA2B70 /* GFGameCenter.swift */ = {isa = PBXFileReference; fileEncoding = 4; lastKnownFileType = sourcecode.swift; path = GFGameCenter.swift; sourceTree = "<group>"; };
		15198BD92369DDE300EA2B70 /* GFNonConsumable.swift */ = {isa = PBXFileReference; fileEncoding = 4; lastKnownFileType = sourcecode.swift; path = GFNonConsumable.swift; sourceTree = "<group>"; };
		15198BDA2369DDE300EA2B70 /* GFCoreDataCloudKit.swift */ = {isa = PBXFileReference; fileEncoding = 4; lastKnownFileType = sourcecode.swift; path = GFCoreDataCloudKit.swift; sourceTree = "<group>"; };
		15198BDB2369DDE300EA2B70 /* GFScore.swift */ = {isa = PBXFileReference; fileEncoding = 4; lastKnownFileType = sourcecode.swift; path = GFScore.swift; sourceTree = "<group>"; };
		15198BDC2369DDE300EA2B70 /* GameFrame.swift */ = {isa = PBXFileReference; fileEncoding = 4; lastKnownFileType = sourcecode.swift; path = GameFrame.swift; sourceTree = "<group>"; };
		15198BDD2369DDE300EA2B70 /* GFObjects.swift */ = {isa = PBXFileReference; fileEncoding = 4; lastKnownFileType = sourcecode.swift; path = GFObjects.swift; sourceTree = "<group>"; };
		15198BDE2369DDE300EA2B70 /* GFAchievement.swift */ = {isa = PBXFileReference; fileEncoding = 4; lastKnownFileType = sourcecode.swift; path = GFAchievement.swift; sourceTree = "<group>"; };
		15198BDF2369DDE300EA2B70 /* GFInApp.swift */ = {isa = PBXFileReference; fileEncoding = 4; lastKnownFileType = sourcecode.swift; path = GFInApp.swift; sourceTree = "<group>"; };
		15198BE02369DDE300EA2B70 /* GFConsumable.swift */ = {isa = PBXFileReference; fileEncoding = 4; lastKnownFileType = sourcecode.swift; path = GFConsumable.swift; sourceTree = "<group>"; };
		15198BE12369DDE300EA2B70 /* GFAdMob.swift */ = {isa = PBXFileReference; fileEncoding = 4; lastKnownFileType = sourcecode.swift; path = GFAdMob.swift; sourceTree = "<group>"; };
		15198BE22369DDE300EA2B70 /* GFTools.swift */ = {isa = PBXFileReference; fileEncoding = 4; lastKnownFileType = sourcecode.swift; path = GFTools.swift; sourceTree = "<group>"; };
		15198BF82369DE1800EA2B70 /* GoogleAppMeasurement.framework */ = {isa = PBXFileReference; lastKnownFileType = wrapper.framework; name = GoogleAppMeasurement.framework; path = "GoogleMobileAdsSdkiOS-7.51.0/GoogleAppMeasurement.framework"; sourceTree = "<group>"; };
		15198BF92369DE1800EA2B70 /* GoogleMobileAds.framework */ = {isa = PBXFileReference; lastKnownFileType = wrapper.framework; name = GoogleMobileAds.framework; path = "GoogleMobileAdsSdkiOS-7.51.0/GoogleMobileAds.framework"; sourceTree = "<group>"; };
		15198BFA2369DE1800EA2B70 /* nanopb.framework */ = {isa = PBXFileReference; lastKnownFileType = wrapper.framework; name = nanopb.framework; path = "GoogleMobileAdsSdkiOS-7.51.0/nanopb.framework"; sourceTree = "<group>"; };
		15198BFB2369DE1800EA2B70 /* GoogleUtilities.framework */ = {isa = PBXFileReference; lastKnownFileType = wrapper.framework; name = GoogleUtilities.framework; path = "GoogleMobileAdsSdkiOS-7.51.0/GoogleUtilities.framework"; sourceTree = "<group>"; };
/* End PBXFileReference section */

/* Begin PBXFrameworksBuildPhase section */
		15198B952369DCDB00EA2B70 /* Frameworks */ = {
			isa = PBXFrameworksBuildPhase;
			buildActionMask = 2147483647;
			files = (
				15198BFE2369DE1800EA2B70 /* GoogleMobileAds.framework in Frameworks */,
				15198C002369DE1800EA2B70 /* nanopb.framework in Frameworks */,
				15198C022369DE1800EA2B70 /* GoogleUtilities.framework in Frameworks */,
				15198BFC2369DE1800EA2B70 /* GoogleAppMeasurement.framework in Frameworks */,
			);
			runOnlyForDeploymentPostprocessing = 0;
		};
/* End PBXFrameworksBuildPhase section */

/* Begin PBXGroup section */
		15198B8E2369DCDB00EA2B70 = {
			isa = PBXGroup;
			children = (
				15198B9A2369DCDB00EA2B70 /* GameFrameKit */,
				15198B992369DCDB00EA2B70 /* Products */,
				15198BF72369DE1800EA2B70 /* Frameworks */,
			);
			sourceTree = "<group>";
		};
		15198B992369DCDB00EA2B70 /* Products */ = {
			isa = PBXGroup;
			children = (
				15198B982369DCDB00EA2B70 /* GameFrameKit.framework */,
			);
			name = Products;
			sourceTree = "<group>";
		};
		15198B9A2369DCDB00EA2B70 /* GameFrameKit */ = {
			isa = PBXGroup;
			children = (
				15198BCD2369DDE300EA2B70 /* Model */,
				15198BD72369DDE300EA2B70 /* Source */,
				15198B9B2369DCDB00EA2B70 /* GameFrameKit.h */,
				15198B9C2369DCDB00EA2B70 /* Info.plist */,
			);
			path = GameFrameKit;
			sourceTree = "<group>";
		};
		15198BCD2369DDE300EA2B70 /* Model */ = {
			isa = PBXGroup;
			children = (
				15198BCE2369DDE300EA2B70 /* GFEntityNonConsumable+CoreDataClass.swift */,
				15198BCF2369DDE300EA2B70 /* GFEntityAchievement+CoreDataProperties.swift */,
				15198BD02369DDE300EA2B70 /* GFEntityAchievement+CoreDataClass.swift */,
				15198BD12369DDE300EA2B70 /* GFEntityNonConsumable+CoreDataProperties.swift */,
				15198BD22369DDE300EA2B70 /* GFEntityScore+CoreDataProperties.swift */,
				15198BD32369DDE300EA2B70 /* GFEntityConsumable+CoreDataClass.swift */,
				15198BD42369DDE300EA2B70 /* GFEntityConsumable+CoreDataProperties.swift */,
				15198BD52369DDE300EA2B70 /* GFEntityScore+CoreDataClass.swift */,
				15198BD62369DDE300EA2B70 /* GameFrame.xcdatamodel */,
			);
			path = Model;
			sourceTree = "<group>";
		};
		15198BD72369DDE300EA2B70 /* Source */ = {
			isa = PBXGroup;
			children = (
				15198BDC2369DDE300EA2B70 /* GameFrame.swift */,
				15198BDB2369DDE300EA2B70 /* GFScore.swift */,
				15198BDE2369DDE300EA2B70 /* GFAchievement.swift */,
				15198BE02369DDE300EA2B70 /* GFConsumable.swift */,
				15198BD92369DDE300EA2B70 /* GFNonConsumable.swift */,
				15198BDA2369DDE300EA2B70 /* GFCoreDataCloudKit.swift */,
				15198BD82369DDE300EA2B70 /* GFGameCenter.swift */,
				15198BDF2369DDE300EA2B70 /* GFInApp.swift */,
				15198BE12369DDE300EA2B70 /* GFAdMob.swift */,
				15198BE22369DDE300EA2B70 /* GFTools.swift */,
				15198BDD2369DDE300EA2B70 /* GFObjects.swift */,
			);
			path = Source;
			sourceTree = "<group>";
		};
		15198BF72369DE1800EA2B70 /* Frameworks */ = {
			isa = PBXGroup;
			children = (
				15198BF82369DE1800EA2B70 /* GoogleAppMeasurement.framework */,
				15198BF92369DE1800EA2B70 /* GoogleMobileAds.framework */,
				15198BFB2369DE1800EA2B70 /* GoogleUtilities.framework */,
				15198BFA2369DE1800EA2B70 /* nanopb.framework */,
			);
			name = Frameworks;
			sourceTree = "<group>";
		};
/* End PBXGroup section */

/* Begin PBXHeadersBuildPhase section */
		15198B932369DCDB00EA2B70 /* Headers */ = {
			isa = PBXHeadersBuildPhase;
			buildActionMask = 2147483647;
			files = (
				15198B9D2369DCDB00EA2B70 /* GameFrameKit.h in Headers */,
			);
			runOnlyForDeploymentPostprocessing = 0;
		};
/* End PBXHeadersBuildPhase section */

/* Begin PBXNativeTarget section */
		15198B972369DCDB00EA2B70 /* GameFrameKit */ = {
			isa = PBXNativeTarget;
			buildConfigurationList = 15198BA02369DCDB00EA2B70 /* Build configuration list for PBXNativeTarget "GameFrameKit" */;
			buildPhases = (
				15198B932369DCDB00EA2B70 /* Headers */,
				15198B942369DCDB00EA2B70 /* Sources */,
				15198B952369DCDB00EA2B70 /* Frameworks */,
				15198B962369DCDB00EA2B70 /* Resources */,
				15198C042369DE1800EA2B70 /* Embed Frameworks */,
			);
			buildRules = (
			);
			dependencies = (
			);
			name = GameFrameKit;
			productName = GameFrameKit;
			productReference = 15198B982369DCDB00EA2B70 /* GameFrameKit.framework */;
			productType = "com.apple.product-type.framework";
		};
/* End PBXNativeTarget section */

/* Begin PBXProject section */
		15198B8F2369DCDB00EA2B70 /* Project object */ = {
			isa = PBXProject;
			attributes = {
				LastUpgradeCheck = 1110;
				ORGANIZATIONNAME = "Juergen Boiselle";
				TargetAttributes = {
					15198B972369DCDB00EA2B70 = {
						CreatedOnToolsVersion = 11.1;
					};
				};
			};
			buildConfigurationList = 15198B922369DCDB00EA2B70 /* Build configuration list for PBXProject "GameFrameKit" */;
			compatibilityVersion = "Xcode 9.3";
			developmentRegion = en;
			hasScannedForEncodings = 0;
			knownRegions = (
				en,
				Base,
			);
			mainGroup = 15198B8E2369DCDB00EA2B70;
			productRefGroup = 15198B992369DCDB00EA2B70 /* Products */;
			projectDirPath = "";
			projectRoot = "";
			targets = (
				15198B972369DCDB00EA2B70 /* GameFrameKit */,
			);
		};
/* End PBXProject section */

/* Begin PBXResourcesBuildPhase section */
		15198B962369DCDB00EA2B70 /* Resources */ = {
			isa = PBXResourcesBuildPhase;
			buildActionMask = 2147483647;
			files = (
			);
			runOnlyForDeploymentPostprocessing = 0;
		};
/* End PBXResourcesBuildPhase section */

/* Begin PBXSourcesBuildPhase section */
		15198B942369DCDB00EA2B70 /* Sources */ = {
			isa = PBXSourcesBuildPhase;
			buildActionMask = 2147483647;
			files = (
				15198BF12369DDE400EA2B70 /* GFObjects.swift in Sources */,
				15198BEF2369DDE400EA2B70 /* GFScore.swift in Sources */,
				15198BE92369DDE400EA2B70 /* GFEntityConsumable+CoreDataProperties.swift in Sources */,
				15198BE72369DDE400EA2B70 /* GFEntityScore+CoreDataProperties.swift in Sources */,
				15198BF32369DDE400EA2B70 /* GFInApp.swift in Sources */,
				15198BF22369DDE400EA2B70 /* GFAchievement.swift in Sources */,
				15198BF62369DDE400EA2B70 /* GFTools.swift in Sources */,
				15198BEE2369DDE400EA2B70 /* GFCoreDataCloudKit.swift in Sources */,
				15198BF42369DDE400EA2B70 /* GFConsumable.swift in Sources */,
				15198BEA2369DDE400EA2B70 /* GFEntityScore+CoreDataClass.swift in Sources */,
				15198BE32369DDE300EA2B70 /* GFEntityNonConsumable+CoreDataClass.swift in Sources */,
				15198BED2369DDE400EA2B70 /* GFNonConsumable.swift in Sources */,
				15198BE82369DDE400EA2B70 /* GFEntityConsumable+CoreDataClass.swift in Sources */,
				15198BE52369DDE400EA2B70 /* GFEntityAchievement+CoreDataClass.swift in Sources */,
				15198BEC2369DDE400EA2B70 /* GFGameCenter.swift in Sources */,
				15198BF02369DDE400EA2B70 /* GameFrame.swift in Sources */,
				15198BF52369DDE400EA2B70 /* GFAdMob.swift in Sources */,
				15198BE62369DDE400EA2B70 /* GFEntityNonConsumable+CoreDataProperties.swift in Sources */,
				15198BE42369DDE300EA2B70 /* GFEntityAchievement+CoreDataProperties.swift in Sources */,
				154EEA3E2369F2180052B734 /* GameFrame.xcdatamodel in Sources */,
			);
			runOnlyForDeploymentPostprocessing = 0;
		};
/* End PBXSourcesBuildPhase section */

/* Begin XCBuildConfiguration section */
		15198B9E2369DCDB00EA2B70 /* Debug */ = {
			isa = XCBuildConfiguration;
			buildSettings = {
				ALWAYS_SEARCH_USER_PATHS = NO;
				CLANG_ANALYZER_NONNULL = YES;
				CLANG_ANALYZER_NUMBER_OBJECT_CONVERSION = YES_AGGRESSIVE;
				CLANG_CXX_LANGUAGE_STANDARD = "gnu++14";
				CLANG_CXX_LIBRARY = "libc++";
				CLANG_ENABLE_MODULES = YES;
				CLANG_ENABLE_OBJC_ARC = YES;
				CLANG_ENABLE_OBJC_WEAK = YES;
				CLANG_WARN_BLOCK_CAPTURE_AUTORELEASING = YES;
				CLANG_WARN_BOOL_CONVERSION = YES;
				CLANG_WARN_COMMA = YES;
				CLANG_WARN_CONSTANT_CONVERSION = YES;
				CLANG_WARN_DEPRECATED_OBJC_IMPLEMENTATIONS = YES;
				CLANG_WARN_DIRECT_OBJC_ISA_USAGE = YES_ERROR;
				CLANG_WARN_DOCUMENTATION_COMMENTS = YES;
				CLANG_WARN_EMPTY_BODY = YES;
				CLANG_WARN_ENUM_CONVERSION = YES;
				CLANG_WARN_INFINITE_RECURSION = YES;
				CLANG_WARN_INT_CONVERSION = YES;
				CLANG_WARN_NON_LITERAL_NULL_CONVERSION = YES;
				CLANG_WARN_OBJC_IMPLICIT_RETAIN_SELF = YES;
				CLANG_WARN_OBJC_LITERAL_CONVERSION = YES;
				CLANG_WARN_OBJC_ROOT_CLASS = YES_ERROR;
				CLANG_WARN_RANGE_LOOP_ANALYSIS = YES;
				CLANG_WARN_STRICT_PROTOTYPES = YES;
				CLANG_WARN_SUSPICIOUS_MOVE = YES;
				CLANG_WARN_UNGUARDED_AVAILABILITY = YES_AGGRESSIVE;
				CLANG_WARN_UNREACHABLE_CODE = YES;
				CLANG_WARN__DUPLICATE_METHOD_MATCH = YES;
				COPY_PHASE_STRIP = NO;
				CURRENT_PROJECT_VERSION = 1;
				DEBUG_INFORMATION_FORMAT = dwarf;
				ENABLE_STRICT_OBJC_MSGSEND = YES;
				ENABLE_TESTABILITY = YES;
				GCC_C_LANGUAGE_STANDARD = gnu11;
				GCC_DYNAMIC_NO_PIC = NO;
				GCC_NO_COMMON_BLOCKS = YES;
				GCC_OPTIMIZATION_LEVEL = 0;
				GCC_PREPROCESSOR_DEFINITIONS = (
					"DEBUG=1",
					"$(inherited)",
				);
				GCC_WARN_64_TO_32_BIT_CONVERSION = YES;
				GCC_WARN_ABOUT_RETURN_TYPE = YES_ERROR;
				GCC_WARN_UNDECLARED_SELECTOR = YES;
				GCC_WARN_UNINITIALIZED_AUTOS = YES_AGGRESSIVE;
				GCC_WARN_UNUSED_FUNCTION = YES;
				GCC_WARN_UNUSED_VARIABLE = YES;
				IPHONEOS_DEPLOYMENT_TARGET = 13.1;
				MTL_ENABLE_DEBUG_INFO = INCLUDE_SOURCE;
				MTL_FAST_MATH = YES;
				ONLY_ACTIVE_ARCH = YES;
				SDKROOT = iphoneos;
				SWIFT_ACTIVE_COMPILATION_CONDITIONS = DEBUG;
				SWIFT_OPTIMIZATION_LEVEL = "-Onone";
				VERSIONING_SYSTEM = "apple-generic";
				VERSION_INFO_PREFIX = "";
			};
			name = Debug;
		};
		15198B9F2369DCDB00EA2B70 /* Release */ = {
			isa = XCBuildConfiguration;
			buildSettings = {
				ALWAYS_SEARCH_USER_PATHS = NO;
				CLANG_ANALYZER_NONNULL = YES;
				CLANG_ANALYZER_NUMBER_OBJECT_CONVERSION = YES_AGGRESSIVE;
				CLANG_CXX_LANGUAGE_STANDARD = "gnu++14";
				CLANG_CXX_LIBRARY = "libc++";
				CLANG_ENABLE_MODULES = YES;
				CLANG_ENABLE_OBJC_ARC = YES;
				CLANG_ENABLE_OBJC_WEAK = YES;
				CLANG_WARN_BLOCK_CAPTURE_AUTORELEASING = YES;
				CLANG_WARN_BOOL_CONVERSION = YES;
				CLANG_WARN_COMMA = YES;
				CLANG_WARN_CONSTANT_CONVERSION = YES;
				CLANG_WARN_DEPRECATED_OBJC_IMPLEMENTATIONS = YES;
				CLANG_WARN_DIRECT_OBJC_ISA_USAGE = YES_ERROR;
				CLANG_WARN_DOCUMENTATION_COMMENTS = YES;
				CLANG_WARN_EMPTY_BODY = YES;
				CLANG_WARN_ENUM_CONVERSION = YES;
				CLANG_WARN_INFINITE_RECURSION = YES;
				CLANG_WARN_INT_CONVERSION = YES;
				CLANG_WARN_NON_LITERAL_NULL_CONVERSION = YES;
				CLANG_WARN_OBJC_IMPLICIT_RETAIN_SELF = YES;
				CLANG_WARN_OBJC_LITERAL_CONVERSION = YES;
				CLANG_WARN_OBJC_ROOT_CLASS = YES_ERROR;
				CLANG_WARN_RANGE_LOOP_ANALYSIS = YES;
				CLANG_WARN_STRICT_PROTOTYPES = YES;
				CLANG_WARN_SUSPICIOUS_MOVE = YES;
				CLANG_WARN_UNGUARDED_AVAILABILITY = YES_AGGRESSIVE;
				CLANG_WARN_UNREACHABLE_CODE = YES;
				CLANG_WARN__DUPLICATE_METHOD_MATCH = YES;
				COPY_PHASE_STRIP = NO;
				CURRENT_PROJECT_VERSION = 1;
				DEBUG_INFORMATION_FORMAT = "dwarf-with-dsym";
				ENABLE_NS_ASSERTIONS = NO;
				ENABLE_STRICT_OBJC_MSGSEND = YES;
				GCC_C_LANGUAGE_STANDARD = gnu11;
				GCC_NO_COMMON_BLOCKS = YES;
				GCC_WARN_64_TO_32_BIT_CONVERSION = YES;
				GCC_WARN_ABOUT_RETURN_TYPE = YES_ERROR;
				GCC_WARN_UNDECLARED_SELECTOR = YES;
				GCC_WARN_UNINITIALIZED_AUTOS = YES_AGGRESSIVE;
				GCC_WARN_UNUSED_FUNCTION = YES;
				GCC_WARN_UNUSED_VARIABLE = YES;
				IPHONEOS_DEPLOYMENT_TARGET = 13.1;
				MTL_ENABLE_DEBUG_INFO = NO;
				MTL_FAST_MATH = YES;
				SDKROOT = iphoneos;
				SWIFT_COMPILATION_MODE = wholemodule;
				SWIFT_OPTIMIZATION_LEVEL = "-O";
				VALIDATE_PRODUCT = YES;
				VERSIONING_SYSTEM = "apple-generic";
				VERSION_INFO_PREFIX = "";
			};
			name = Release;
		};
		15198BA12369DCDB00EA2B70 /* Debug */ = {
			isa = XCBuildConfiguration;
			buildSettings = {
				CODE_SIGN_STYLE = Automatic;
				DEFINES_MODULE = YES;
				DEVELOPMENT_TEAM = YW52XX5QKJ;
				DYLIB_COMPATIBILITY_VERSION = 1;
				DYLIB_CURRENT_VERSION = 1;
				DYLIB_INSTALL_NAME_BASE = "@rpath";
				FRAMEWORK_SEARCH_PATHS = (
					"$(inherited)",
					"$(PROJECT_DIR)/GoogleMobileAdsSdkiOS-7.51.0",
				);
				INFOPLIST_FILE = GameFrameKit/Info.plist;
				INSTALL_PATH = "$(LOCAL_LIBRARY_DIR)/Frameworks";
				LD_RUNPATH_SEARCH_PATHS = (
					"$(inherited)",
					"@executable_path/Frameworks",
					"@loader_path/Frameworks",
				);
				OTHER_LDFLAGS = "-ObjC";
				PRODUCT_BUNDLE_IDENTIFIER = apps4live.GameFrameKit;
				PRODUCT_NAME = "$(TARGET_NAME:c99extidentifier)";
				SKIP_INSTALL = YES;
				SUPPORTS_MACCATALYST = NO;
				SWIFT_VERSION = 5.0;
				TARGETED_DEVICE_FAMILY = "1,2";
			};
			name = Debug;
		};
		15198BA22369DCDB00EA2B70 /* Release */ = {
			isa = XCBuildConfiguration;
			buildSettings = {
				CODE_SIGN_STYLE = Automatic;
				DEFINES_MODULE = YES;
				DEVELOPMENT_TEAM = YW52XX5QKJ;
				DYLIB_COMPATIBILITY_VERSION = 1;
				DYLIB_CURRENT_VERSION = 1;
				DYLIB_INSTALL_NAME_BASE = "@rpath";
				FRAMEWORK_SEARCH_PATHS = (
					"$(inherited)",
					"$(PROJECT_DIR)/GoogleMobileAdsSdkiOS-7.51.0",
				);
				INFOPLIST_FILE = GameFrameKit/Info.plist;
				INSTALL_PATH = "$(LOCAL_LIBRARY_DIR)/Frameworks";
				LD_RUNPATH_SEARCH_PATHS = (
					"$(inherited)",
					"@executable_path/Frameworks",
					"@loader_path/Frameworks",
				);
				OTHER_LDFLAGS = "-ObjC";
				PRODUCT_BUNDLE_IDENTIFIER = apps4live.GameFrameKit;
				PRODUCT_NAME = "$(TARGET_NAME:c99extidentifier)";
				SKIP_INSTALL = YES;
				SUPPORTS_MACCATALYST = NO;
				SWIFT_VERSION = 5.0;
				TARGETED_DEVICE_FAMILY = "1,2";
			};
			name = Release;
		};
/* End XCBuildConfiguration section */

/* Begin XCConfigurationList section */
		15198B922369DCDB00EA2B70 /* Build configuration list for PBXProject "GameFrameKit" */ = {
			isa = XCConfigurationList;
			buildConfigurations = (
				15198B9E2369DCDB00EA2B70 /* Debug */,
				15198B9F2369DCDB00EA2B70 /* Release */,
			);
			defaultConfigurationIsVisible = 0;
			defaultConfigurationName = Release;
		};
		15198BA02369DCDB00EA2B70 /* Build configuration list for PBXNativeTarget "GameFrameKit" */ = {
			isa = XCConfigurationList;
			buildConfigurations = (
				15198BA12369DCDB00EA2B70 /* Debug */,
				15198BA22369DCDB00EA2B70 /* Release */,
			);
			defaultConfigurationIsVisible = 0;
			defaultConfigurationName = Release;
		};
/* End XCConfigurationList section */
	};
	rootObject = 15198B8F2369DCDB00EA2B70 /* Project object */;
}
